
Microsoft Visual Studio Solution File, Format Version 12.00
# Visual Studio 15
VisualStudioVersion = 15.0.26124.0
MinimumVisualStudioVersion = 15.0.26124.0
Project("{FAE04EC0-301F-11D3-BF4B-00C04F79EFBC}") = "SiteMercado.Api", "SiteMercado.Api\SiteMercado.Api.csproj", "{3CCFC479-B44E-4E75-B498-F5D12222AAC9}"
EndProject
Project("{FAE04EC0-301F-11D3-BF4B-00C04F79EFBC}") = "SiteMercado.Core", "SiteMercado.Core\SiteMercado.Core.csproj", "{BE60E19E-75D2-473A-B02D-8C0706C2DBBD}"
EndProject
Project("{FAE04EC0-301F-11D3-BF4B-00C04F79EFBC}") = "SiteMercado.Data", "SiteMercado.Data\SiteMercado.Data.csproj", "{B42C7DA1-F9C1-4EFE-9D8D-225DDD946FE4}"
EndProject
Project("{FAE04EC0-301F-11D3-BF4B-00C04F79EFBC}") = "SiteMercado.Services", "SiteMercado.Services\SiteMercado.Services.csproj", "{AC1F9629-D515-4E0B-9E92-F52F3BA0E22B}"
EndProject
Global
	GlobalSection(SolutionConfigurationPlatforms) = preSolution
		Debug|Any CPU = Debug|Any CPU
		Debug|x64 = Debug|x64
		Debug|x86 = Debug|x86
		Release|Any CPU = Release|Any CPU
		Release|x64 = Release|x64
		Release|x86 = Release|x86
	EndGlobalSection
	GlobalSection(SolutionProperties) = preSolution
		HideSolutionNode = FALSE
	EndGlobalSection
	GlobalSection(ProjectConfigurationPlatforms) = postSolution
		{3CCFC479-B44E-4E75-B498-F5D12222AAC9}.Debug|Any CPU.ActiveCfg = Debug|Any CPU
		{3CCFC479-B44E-4E75-B498-F5D12222AAC9}.Debug|Any CPU.Build.0 = Debug|Any CPU
		{3CCFC479-B44E-4E75-B498-F5D12222AAC9}.Debug|x64.ActiveCfg = Debug|Any CPU
		{3CCFC479-B44E-4E75-B498-F5D12222AAC9}.Debug|x64.Build.0 = Debug|Any CPU
		{3CCFC479-B44E-4E75-B498-F5D12222AAC9}.Debug|x86.ActiveCfg = Debug|Any CPU
		{3CCFC479-B44E-4E75-B498-F5D12222AAC9}.Debug|x86.Build.0 = Debug|Any CPU
		{3CCFC479-B44E-4E75-B498-F5D12222AAC9}.Release|Any CPU.ActiveCfg = Release|Any CPU
		{3CCFC479-B44E-4E75-B498-F5D12222AAC9}.Release|Any CPU.Build.0 = Release|Any CPU
		{3CCFC479-B44E-4E75-B498-F5D12222AAC9}.Release|x64.ActiveCfg = Release|Any CPU
		{3CCFC479-B44E-4E75-B498-F5D12222AAC9}.Release|x64.Build.0 = Release|Any CPU
		{3CCFC479-B44E-4E75-B498-F5D12222AAC9}.Release|x86.ActiveCfg = Release|Any CPU
		{3CCFC479-B44E-4E75-B498-F5D12222AAC9}.Release|x86.Build.0 = Release|Any CPU
		{BE60E19E-75D2-473A-B02D-8C0706C2DBBD}.Debug|Any CPU.ActiveCfg = Debug|Any CPU
		{BE60E19E-75D2-473A-B02D-8C0706C2DBBD}.Debug|Any CPU.Build.0 = Debug|Any CPU
		{BE60E19E-75D2-473A-B02D-8C0706C2DBBD}.Debug|x64.ActiveCfg = Debug|Any CPU
		{BE60E19E-75D2-473A-B02D-8C0706C2DBBD}.Debug|x64.Build.0 = Debug|Any CPU
		{BE60E19E-75D2-473A-B02D-8C0706C2DBBD}.Debug|x86.ActiveCfg = Debug|Any CPU
		{BE60E19E-75D2-473A-B02D-8C0706C2DBBD}.Debug|x86.Build.0 = Debug|Any CPU
		{BE60E19E-75D2-473A-B02D-8C0706C2DBBD}.Release|Any CPU.ActiveCfg = Release|Any CPU
		{BE60E19E-75D2-473A-B02D-8C0706C2DBBD}.Release|Any CPU.Build.0 = Release|Any CPU
		{BE60E19E-75D2-473A-B02D-8C0706C2DBBD}.Release|x64.ActiveCfg = Release|Any CPU
		{BE60E19E-75D2-473A-B02D-8C0706C2DBBD}.Release|x64.Build.0 = Release|Any CPU
		{BE60E19E-75D2-473A-B02D-8C0706C2DBBD}.Release|x86.ActiveCfg = Release|Any CPU
		{BE60E19E-75D2-473A-B02D-8C0706C2DBBD}.Release|x86.Build.0 = Release|Any CPU
		{B42C7DA1-F9C1-4EFE-9D8D-225DDD946FE4}.Debug|Any CPU.ActiveCfg = Debug|Any CPU
		{B42C7DA1-F9C1-4EFE-9D8D-225DDD946FE4}.Debug|Any CPU.Build.0 = Debug|Any CPU
		{B42C7DA1-F9C1-4EFE-9D8D-225DDD946FE4}.Debug|x64.ActiveCfg = Debug|Any CPU
		{B42C7DA1-F9C1-4EFE-9D8D-225DDD946FE4}.Debug|x64.Build.0 = Debug|Any CPU
		{B42C7DA1-F9C1-4EFE-9D8D-225DDD946FE4}.Debug|x86.ActiveCfg = Debug|Any CPU
		{B42C7DA1-F9C1-4EFE-9D8D-225DDD946FE4}.Debug|x86.Build.0 = Debug|Any CPU
		{B42C7DA1-F9C1-4EFE-9D8D-225DDD946FE4}.Release|Any CPU.ActiveCfg = Release|Any CPU
		{B42C7DA1-F9C1-4EFE-9D8D-225DDD946FE4}.Release|Any CPU.Build.0 = Release|Any CPU
		{B42C7DA1-F9C1-4EFE-9D8D-225DDD946FE4}.Release|x64.ActiveCfg = Release|Any CPU
		{B42C7DA1-F9C1-4EFE-9D8D-225DDD946FE4}.Release|x64.Build.0 = Release|Any CPU
		{B42C7DA1-F9C1-4EFE-9D8D-225DDD946FE4}.Release|x86.ActiveCfg = Release|Any CPU
		{B42C7DA1-F9C1-4EFE-9D8D-225DDD946FE4}.Release|x86.Build.0 = Release|Any CPU
		{AC1F9629-D515-4E0B-9E92-F52F3BA0E22B}.Debug|Any CPU.ActiveCfg = Debug|Any CPU
		{AC1F9629-D515-4E0B-9E92-F52F3BA0E22B}.Debug|Any CPU.Build.0 = Debug|Any CPU
		{AC1F9629-D515-4E0B-9E92-F52F3BA0E22B}.Debug|x64.ActiveCfg = Debug|Any CPU
		{AC1F9629-D515-4E0B-9E92-F52F3BA0E22B}.Debug|x64.Build.0 = Debug|Any CPU
		{AC1F9629-D515-4E0B-9E92-F52F3BA0E22B}.Debug|x86.ActiveCfg = Debug|Any CPU
		{AC1F9629-D515-4E0B-9E92-F52F3BA0E22B}.Debug|x86.Build.0 = Debug|Any CPU
		{AC1F9629-D515-4E0B-9E92-F52F3BA0E22B}.Release|Any CPU.ActiveCfg = Release|Any CPU
		{AC1F9629-D515-4E0B-9E92-F52F3BA0E22B}.Release|Any CPU.Build.0 = Release|Any CPU
		{AC1F9629-D515-4E0B-9E92-F52F3BA0E22B}.Release|x64.ActiveCfg = Release|Any CPU
		{AC1F9629-D515-4E0B-9E92-F52F3BA0E22B}.Release|x64.Build.0 = Release|Any CPU
		{AC1F9629-D515-4E0B-9E92-F52F3BA0E22B}.Release|x86.ActiveCfg = Release|Any CPU
		{AC1F9629-D515-4E0B-9E92-F52F3BA0E22B}.Release|x86.Build.0 = Release|Any CPU
	EndGlobalSection
EndGlobal
